
Microsoft Visual Studio Solution File, Format Version 12.00
# Visual Studio Version 16
VisualStudioVersion = 16.0.29519.181
MinimumVisualStudioVersion = 10.0.40219.1
Project("{9A19103F-16F7-4668-BE54-9A1E7A4F7556}") = "KampIntro", "KampIntro\KampIntro.csproj", "{B9D6C2DC-AE8D-4DEF-83D4-24F1D7554F43}"
EndProject
Project("{9A19103F-16F7-4668-BE54-9A1E7A4F7556}") = "Loops", "Loops\Loops.csproj", "{423F3826-865A-45BD-A6F5-B2C030FD13EB}"
EndProject
Project("{9A19103F-16F7-4668-BE54-9A1E7A4F7556}") = "ClassIntro", "ClassIntro\ClassIntro.csproj", "{7EFE823D-4C85-475B-A9C2-D914F5B64A78}"
EndProject
Project("{9A19103F-16F7-4668-BE54-9A1E7A4F7556}") = "Methods", "Methods\Methods.csproj", "{5C1C14D7-F9FA-4387-A424-85AC0DCCD702}"
EndProject
Project("{9A19103F-16F7-4668-BE54-9A1E7A4F7556}") = "Mathematics", "Mathematics\Mathematics.csproj", "{7D2D6503-D2F8-427E-A179-A31AF959FDCB}"
EndProject
Project("{9A19103F-16F7-4668-BE54-9A1E7A4F7556}") = "DegerVeReferansTipler", "DegerVeReferansTipler\DegerVeReferansTipler.csproj", "{8BD69944-9B06-441F-A958-F631A721BCC2}"
EndProject
Project("{FAE04EC0-301F-11D3-BF4B-00C04F79EFBC}") = "ClassMetotDemo", "ClassMetotDemo\ClassMetotDemo.csproj", "{14A4F35F-F29A-43EF-8AAB-DC4401A758B3}"
EndProject
Global
	GlobalSection(SolutionConfigurationPlatforms) = preSolution
		Debug|Any CPU = Debug|Any CPU
		Release|Any CPU = Release|Any CPU
	EndGlobalSection
	GlobalSection(ProjectConfigurationPlatforms) = postSolution
		{B9D6C2DC-AE8D-4DEF-83D4-24F1D7554F43}.Debug|Any CPU.ActiveCfg = Debug|Any CPU
		{B9D6C2DC-AE8D-4DEF-83D4-24F1D7554F43}.Debug|Any CPU.Build.0 = Debug|Any CPU
		{B9D6C2DC-AE8D-4DEF-83D4-24F1D7554F43}.Release|Any CPU.ActiveCfg = Release|Any CPU
		{B9D6C2DC-AE8D-4DEF-83D4-24F1D7554F43}.Release|Any CPU.Build.0 = Release|Any CPU
		{423F3826-865A-45BD-A6F5-B2C030FD13EB}.Debug|Any CPU.ActiveCfg = Debug|Any CPU
		{423F3826-865A-45BD-A6F5-B2C030FD13EB}.Debug|Any CPU.Build.0 = Debug|Any CPU
		{423F3826-865A-45BD-A6F5-B2C030FD13EB}.Release|Any CPU.ActiveCfg = Release|Any CPU
		{423F3826-865A-45BD-A6F5-B2C030FD13EB}.Release|Any CPU.Build.0 = Release|Any CPU
		{7EFE823D-4C85-475B-A9C2-D914F5B64A78}.Debug|Any CPU.ActiveCfg = Debug|Any CPU
		{7EFE823D-4C85-475B-A9C2-D914F5B64A78}.Debug|Any CPU.Build.0 = Debug|Any CPU
		{7EFE823D-4C85-475B-A9C2-D914F5B64A78}.Release|Any CPU.ActiveCfg = Release|Any CPU
		{7EFE823D-4C85-475B-A9C2-D914F5B64A78}.Release|Any CPU.Build.0 = Release|Any CPU
		{5C1C14D7-F9FA-4387-A424-85AC0DCCD702}.Debug|Any CPU.ActiveCfg = Debug|Any CPU
		{5C1C14D7-F9FA-4387-A424-85AC0DCCD702}.Debug|Any CPU.Build.0 = Debug|Any CPU
		{5C1C14D7-F9FA-4387-A424-85AC0DCCD702}.Release|Any CPU.ActiveCfg = Release|Any CPU
		{5C1C14D7-F9FA-4387-A424-85AC0DCCD702}.Release|Any CPU.Build.0 = Release|Any CPU
		{7D2D6503-D2F8-427E-A179-A31AF959FDCB}.Debug|Any CPU.ActiveCfg = Debug|Any CPU
		{7D2D6503-D2F8-427E-A179-A31AF959FDCB}.Debug|Any CPU.Build.0 = Debug|Any CPU
		{7D2D6503-D2F8-427E-A179-A31AF959FDCB}.Release|Any CPU.ActiveCfg = Release|Any CPU
		{7D2D6503-D2F8-427E-A179-A31AF959FDCB}.Release|Any CPU.Build.0 = Release|Any CPU
		{8BD69944-9B06-441F-A958-F631A721BCC2}.Debug|Any CPU.ActiveCfg = Debug|Any CPU
		{8BD69944-9B06-441F-A958-F631A721BCC2}.Debug|Any CPU.Build.0 = Debug|Any CPU
		{8BD69944-9B06-441F-A958-F631A721BCC2}.Release|Any CPU.ActiveCfg = Release|Any CPU
		{8BD69944-9B06-441F-A958-F631A721BCC2}.Release|Any CPU.Build.0 = Release|Any CPU
		{14A4F35F-F29A-43EF-8AAB-DC4401A758B3}.Debug|Any CPU.ActiveCfg = Debug|Any CPU
		{14A4F35F-F29A-43EF-8AAB-DC4401A758B3}.Debug|Any CPU.Build.0 = Debug|Any CPU
		{14A4F35F-F29A-43EF-8AAB-DC4401A758B3}.Release|Any CPU.ActiveCfg = Release|Any CPU
		{14A4F35F-F29A-43EF-8AAB-DC4401A758B3}.Release|Any CPU.Build.0 = Release|Any CPU
	EndGlobalSection
	GlobalSection(SolutionProperties) = preSolution
		HideSolutionNode = FALSE
	EndGlobalSection
	GlobalSection(ExtensibilityGlobals) = postSolution
		SolutionGuid = {322D0646-A90C-4D01-9903-596F378BC74C}
	EndGlobalSection
EndGlobal
